
Microsoft Visual Studio Solution File, Format Version 12.00
# Visual Studio Version 17
VisualStudioVersion = 17.11.35312.102
MinimumVisualStudioVersion = 10.0.40219.1
Project("{FAE04EC0-301F-11D3-BF4B-00C04F79EFBC}") = "MVC", "MVC.csproj", "{959053FE-49A6-4623-93E4-09D6FB20A2FF}"
EndProject
Global
	GlobalSection(SolutionConfigurationPlatforms) = preSolution
		Debug|Any CPU = Debug|Any CPU
		Release|Any CPU = Release|Any CPU
	EndGlobalSection
	GlobalSection(ProjectConfigurationPlatforms) = postSolution
		{959053FE-49A6-4623-93E4-09D6FB20A2FF}.Debug|Any CPU.ActiveCfg = Debug|Any CPU
		{959053FE-49A6-4623-93E4-09D6FB20A2FF}.Debug|Any CPU.Build.0 = Debug|Any CPU
		{959053FE-49A6-4623-93E4-09D6FB20A2FF}.Release|Any CPU.ActiveCfg = Release|Any CPU
		{959053FE-49A6-4623-93E4-09D6FB20A2FF}.Release|Any CPU.Build.0 = Release|Any CPU
	EndGlobalSection
	GlobalSection(SolutionProperties) = preSolution
		HideSolutionNode = FALSE
	EndGlobalSection
	GlobalSection(ExtensibilityGlobals) = postSolution
		SolutionGuid = {6E507AE2-73D0-4BE7-8892-489F17EBDB99}
	EndGlobalSection
EndGlobal
